// !$*UTF8*$!
{
	archiveVersion = 1;
	classes = {
	};
	objectVersion = 51;
	objects = {

/* Begin PBXBuildFile section */
		6DC70DC41C332E65FC653BE0 /* Pods_meaning.framework in Frameworks */ = {isa = PBXBuildFile; fileRef = E87AC0016D83A60227B184E6 /* Pods_meaning.framework */; };
		9B2BA170259F58FF000EF4AA /* AppDelegate.swift in Sources */ = {isa = PBXBuildFile; fileRef = 9B2BA16F259F58FF000EF4AA /* AppDelegate.swift */; };
		9B2BA172259F58FF000EF4AA /* SceneDelegate.swift in Sources */ = {isa = PBXBuildFile; fileRef = 9B2BA171259F58FF000EF4AA /* SceneDelegate.swift */; };
		9B2BA174259F58FF000EF4AA /* ViewController.swift in Sources */ = {isa = PBXBuildFile; fileRef = 9B2BA173259F58FF000EF4AA /* ViewController.swift */; };
		9B2BA177259F58FF000EF4AA /* Main.storyboard in Resources */ = {isa = PBXBuildFile; fileRef = 9B2BA175259F58FF000EF4AA /* Main.storyboard */; };
		9B2BA179259F5904000EF4AA /* Assets.xcassets in Resources */ = {isa = PBXBuildFile; fileRef = 9B2BA178259F5904000EF4AA /* Assets.xcassets */; };
		9B2BA17C259F5904000EF4AA /* LaunchScreen.storyboard in Resources */ = {isa = PBXBuildFile; fileRef = 9B2BA17A259F5904000EF4AA /* LaunchScreen.storyboard */; };
		9B2BA1AF259F5E93000EF4AA /* TabBar.storyboard in Resources */ = {isa = PBXBuildFile; fileRef = 9B2BA1AE259F5E93000EF4AA /* TabBar.storyboard */; };
		9B2BA1B2259F5E9D000EF4AA /* Login.storyboard in Resources */ = {isa = PBXBuildFile; fileRef = 9B2BA1B1259F5E9D000EF4AA /* Login.storyboard */; };
		9B2BA1B6259F5EAB000EF4AA /* Onboarding.storyboard in Resources */ = {isa = PBXBuildFile; fileRef = 9B2BA1B5259F5EAB000EF4AA /* Onboarding.storyboard */; };
		9B2BA1B9259F5EB2000EF4AA /* Home.storyboard in Resources */ = {isa = PBXBuildFile; fileRef = 9B2BA1B8259F5EB2000EF4AA /* Home.storyboard */; };
		9B2BA1BC259F5EBB000EF4AA /* Camera.storyboard in Resources */ = {isa = PBXBuildFile; fileRef = 9B2BA1BB259F5EBB000EF4AA /* Camera.storyboard */; };
		9B2BA1C0259F5EC9000EF4AA /* Mission.storyboard in Resources */ = {isa = PBXBuildFile; fileRef = 9B2BA1BF259F5EC9000EF4AA /* Mission.storyboard */; };
		9B2BA1C3259F5ED2000EF4AA /* MyPage.storyboard in Resources */ = {isa = PBXBuildFile; fileRef = 9B2BA1C2259F5ED2000EF4AA /* MyPage.storyboard */; };
		9B2BA1C7259F5EE3000EF4AA /* GroupList.storyboard in Resources */ = {isa = PBXBuildFile; fileRef = 9B2BA1C6259F5EE3000EF4AA /* GroupList.storyboard */; };
		9B2BA1CA259F5EED000EF4AA /* GroupFeed.storyboard in Resources */ = {isa = PBXBuildFile; fileRef = 9B2BA1C9259F5EED000EF4AA /* GroupFeed.storyboard */; };
		9B2BA1CD259F5FF0000EF4AA /* String+Extension.swift in Sources */ = {isa = PBXBuildFile; fileRef = 9B2BA1CC259F5FF0000EF4AA /* String+Extension.swift */; };
		9B2BA1D0259F6FCE000EF4AA /* Date+Extension.swift in Sources */ = {isa = PBXBuildFile; fileRef = 9B2BA1CF259F6FCE000EF4AA /* Date+Extension.swift */; };
		9B2BA1D3259F71DD000EF4AA /* UIImage+Extension.swift in Sources */ = {isa = PBXBuildFile; fileRef = 9B2BA1D2259F71DD000EF4AA /* UIImage+Extension.swift */; };
		9B2BA1DD259F7302000EF4AA /* Spoqa Han Sans Neo Bold.otf in Resources */ = {isa = PBXBuildFile; fileRef = 9B2BA1D7259F72F9000EF4AA /* Spoqa Han Sans Neo Bold.otf */; };
		9B2BA1DE259F7302000EF4AA /* Spoqa Han Sans Neo Light.otf in Resources */ = {isa = PBXBuildFile; fileRef = 9B2BA1D8259F72FA000EF4AA /* Spoqa Han Sans Neo Light.otf */; };
		9B2BA1DF259F7302000EF4AA /* Spoqa Han Sans Neo Medium.otf in Resources */ = {isa = PBXBuildFile; fileRef = 9B2BA1D9259F72FD000EF4AA /* Spoqa Han Sans Neo Medium.otf */; };
		9B2BA1E0259F7302000EF4AA /* NanumBarunpenR.otf in Resources */ = {isa = PBXBuildFile; fileRef = 9B2BA1DA259F72FE000EF4AA /* NanumBarunpenR.otf */; };
		9B2BA1E1259F7302000EF4AA /* Spoqa Han Sans Neo Regular.otf in Resources */ = {isa = PBXBuildFile; fileRef = 9B2BA1DB259F7301000EF4AA /* Spoqa Han Sans Neo Regular.otf */; };
		9B2BA1E2259F7302000EF4AA /* Spoqa Han Sans Neo Thin.otf in Resources */ = {isa = PBXBuildFile; fileRef = 9B2BA1DC259F7302000EF4AA /* Spoqa Han Sans Neo Thin.otf */; };
		9B2BA1E5259F74BE000EF4AA /* NetworkResult.swift in Sources */ = {isa = PBXBuildFile; fileRef = 9B2BA1E4259F74BE000EF4AA /* NetworkResult.swift */; };
		9B2BA1E8259F74F7000EF4AA /* GenericResponse.swift in Sources */ = {isa = PBXBuildFile; fileRef = 9B2BA1E7259F74F7000EF4AA /* GenericResponse.swift */; };
		9B2BA1EC259F779B000EF4AA /* UIImageView+Extension.swift in Sources */ = {isa = PBXBuildFile; fileRef = 9B2BA1EB259F779B000EF4AA /* UIImageView+Extension.swift */; };
		9B2BA1F2259F7C65000EF4AA /* UIButton+Extension.swift in Sources */ = {isa = PBXBuildFile; fileRef = 9B2BA1F1259F7C65000EF4AA /* UIButton+Extension.swift */; };
		9B2BA212259FA8C5000EF4AA /* NotoSansKR-Light.otf in Resources */ = {isa = PBXBuildFile; fileRef = 9B2BA20D259FA8BD000EF4AA /* NotoSansKR-Light.otf */; };
		9B2BA213259FA8C5000EF4AA /* NotoSansKR-Regular.otf in Resources */ = {isa = PBXBuildFile; fileRef = 9B2BA20E259FA8BF000EF4AA /* NotoSansKR-Regular.otf */; };
		9B2BA214259FA8C5000EF4AA /* NotoSansKR-Thin.otf in Resources */ = {isa = PBXBuildFile; fileRef = 9B2BA20F259FA8C0000EF4AA /* NotoSansKR-Thin.otf */; };
		9B2BA215259FA8C5000EF4AA /* NotoSansKR-Bold.otf in Resources */ = {isa = PBXBuildFile; fileRef = 9B2BA210259FA8C2000EF4AA /* NotoSansKR-Bold.otf */; };
		9B2BA216259FA8C5000EF4AA /* NotoSansKR-Medium.otf in Resources */ = {isa = PBXBuildFile; fileRef = 9B2BA211259FA8C4000EF4AA /* NotoSansKR-Medium.otf */; };
/* End PBXBuildFile section */

/* Begin PBXFileReference section */
		9B2BA16C259F58FF000EF4AA /* meaning.app */ = {isa = PBXFileReference; explicitFileType = wrapper.application; includeInIndex = 0; path = meaning.app; sourceTree = BUILT_PRODUCTS_DIR; };
		9B2BA16F259F58FF000EF4AA /* AppDelegate.swift */ = {isa = PBXFileReference; lastKnownFileType = sourcecode.swift; path = AppDelegate.swift; sourceTree = "<group>"; };
		9B2BA171259F58FF000EF4AA /* SceneDelegate.swift */ = {isa = PBXFileReference; lastKnownFileType = sourcecode.swift; path = SceneDelegate.swift; sourceTree = "<group>"; };
		9B2BA173259F58FF000EF4AA /* ViewController.swift */ = {isa = PBXFileReference; lastKnownFileType = sourcecode.swift; path = ViewController.swift; sourceTree = "<group>"; };
		9B2BA176259F58FF000EF4AA /* Base */ = {isa = PBXFileReference; lastKnownFileType = file.storyboard; name = Base; path = Base.lproj/Main.storyboard; sourceTree = "<group>"; };
		9B2BA178259F5904000EF4AA /* Assets.xcassets */ = {isa = PBXFileReference; lastKnownFileType = folder.assetcatalog; path = Assets.xcassets; sourceTree = "<group>"; };
		9B2BA17B259F5904000EF4AA /* Base */ = {isa = PBXFileReference; lastKnownFileType = file.storyboard; name = Base; path = Base.lproj/LaunchScreen.storyboard; sourceTree = "<group>"; };
		9B2BA17D259F5904000EF4AA /* Info.plist */ = {isa = PBXFileReference; lastKnownFileType = text.plist.xml; path = Info.plist; sourceTree = "<group>"; };
		9B2BA1AE259F5E93000EF4AA /* TabBar.storyboard */ = {isa = PBXFileReference; lastKnownFileType = file.storyboard; path = TabBar.storyboard; sourceTree = "<group>"; };
		9B2BA1B1259F5E9D000EF4AA /* Login.storyboard */ = {isa = PBXFileReference; lastKnownFileType = file.storyboard; path = Login.storyboard; sourceTree = "<group>"; };
		9B2BA1B5259F5EAB000EF4AA /* Onboarding.storyboard */ = {isa = PBXFileReference; lastKnownFileType = file.storyboard; path = Onboarding.storyboard; sourceTree = "<group>"; };
		9B2BA1B8259F5EB2000EF4AA /* Home.storyboard */ = {isa = PBXFileReference; lastKnownFileType = file.storyboard; path = Home.storyboard; sourceTree = "<group>"; };
		9B2BA1BB259F5EBB000EF4AA /* Camera.storyboard */ = {isa = PBXFileReference; lastKnownFileType = file.storyboard; path = Camera.storyboard; sourceTree = "<group>"; };
		9B2BA1BF259F5EC9000EF4AA /* Mission.storyboard */ = {isa = PBXFileReference; lastKnownFileType = file.storyboard; path = Mission.storyboard; sourceTree = "<group>"; };
		9B2BA1C2259F5ED2000EF4AA /* MyPage.storyboard */ = {isa = PBXFileReference; lastKnownFileType = file.storyboard; path = MyPage.storyboard; sourceTree = "<group>"; };
		9B2BA1C6259F5EE3000EF4AA /* GroupList.storyboard */ = {isa = PBXFileReference; lastKnownFileType = file.storyboard; path = GroupList.storyboard; sourceTree = "<group>"; };
		9B2BA1C9259F5EED000EF4AA /* GroupFeed.storyboard */ = {isa = PBXFileReference; lastKnownFileType = file.storyboard; path = GroupFeed.storyboard; sourceTree = "<group>"; };
		9B2BA1CC259F5FF0000EF4AA /* String+Extension.swift */ = {isa = PBXFileReference; lastKnownFileType = sourcecode.swift; path = "String+Extension.swift"; sourceTree = "<group>"; };
		9B2BA1CF259F6FCE000EF4AA /* Date+Extension.swift */ = {isa = PBXFileReference; lastKnownFileType = sourcecode.swift; path = "Date+Extension.swift"; sourceTree = "<group>"; };
		9B2BA1D2259F71DD000EF4AA /* UIImage+Extension.swift */ = {isa = PBXFileReference; lastKnownFileType = sourcecode.swift; path = "UIImage+Extension.swift"; sourceTree = "<group>"; };
		9B2BA1D7259F72F9000EF4AA /* Spoqa Han Sans Neo Bold.otf */ = {isa = PBXFileReference; lastKnownFileType = file; path = "Spoqa Han Sans Neo Bold.otf"; sourceTree = "<group>"; };
		9B2BA1D8259F72FA000EF4AA /* Spoqa Han Sans Neo Light.otf */ = {isa = PBXFileReference; lastKnownFileType = file; path = "Spoqa Han Sans Neo Light.otf"; sourceTree = "<group>"; };
		9B2BA1D9259F72FD000EF4AA /* Spoqa Han Sans Neo Medium.otf */ = {isa = PBXFileReference; lastKnownFileType = file; path = "Spoqa Han Sans Neo Medium.otf"; sourceTree = "<group>"; };
		9B2BA1DA259F72FE000EF4AA /* NanumBarunpenR.otf */ = {isa = PBXFileReference; lastKnownFileType = file; path = NanumBarunpenR.otf; sourceTree = "<group>"; };
		9B2BA1DB259F7301000EF4AA /* Spoqa Han Sans Neo Regular.otf */ = {isa = PBXFileReference; lastKnownFileType = file; path = "Spoqa Han Sans Neo Regular.otf"; sourceTree = "<group>"; };
		9B2BA1DC259F7302000EF4AA /* Spoqa Han Sans Neo Thin.otf */ = {isa = PBXFileReference; lastKnownFileType = file; path = "Spoqa Han Sans Neo Thin.otf"; sourceTree = "<group>"; };
		9B2BA1E4259F74BE000EF4AA /* NetworkResult.swift */ = {isa = PBXFileReference; lastKnownFileType = sourcecode.swift; path = NetworkResult.swift; sourceTree = "<group>"; };
		9B2BA1E7259F74F7000EF4AA /* GenericResponse.swift */ = {isa = PBXFileReference; lastKnownFileType = sourcecode.swift; path = GenericResponse.swift; sourceTree = "<group>"; };
		9B2BA1EB259F779B000EF4AA /* UIImageView+Extension.swift */ = {isa = PBXFileReference; lastKnownFileType = sourcecode.swift; path = "UIImageView+Extension.swift"; sourceTree = "<group>"; };
		9B2BA1F1259F7C65000EF4AA /* UIButton+Extension.swift */ = {isa = PBXFileReference; lastKnownFileType = sourcecode.swift; path = "UIButton+Extension.swift"; sourceTree = "<group>"; };
		9B2BA20D259FA8BD000EF4AA /* NotoSansKR-Light.otf */ = {isa = PBXFileReference; lastKnownFileType = file; path = "NotoSansKR-Light.otf"; sourceTree = "<group>"; };
		9B2BA20E259FA8BF000EF4AA /* NotoSansKR-Regular.otf */ = {isa = PBXFileReference; lastKnownFileType = file; path = "NotoSansKR-Regular.otf"; sourceTree = "<group>"; };
		9B2BA20F259FA8C0000EF4AA /* NotoSansKR-Thin.otf */ = {isa = PBXFileReference; lastKnownFileType = file; path = "NotoSansKR-Thin.otf"; sourceTree = "<group>"; };
		9B2BA210259FA8C2000EF4AA /* NotoSansKR-Bold.otf */ = {isa = PBXFileReference; lastKnownFileType = file; path = "NotoSansKR-Bold.otf"; sourceTree = "<group>"; };
		9B2BA211259FA8C4000EF4AA /* NotoSansKR-Medium.otf */ = {isa = PBXFileReference; lastKnownFileType = file; path = "NotoSansKR-Medium.otf"; sourceTree = "<group>"; };
		B844C2BA9B913FD6701F17AE /* Pods-meaning.debug.xcconfig */ = {isa = PBXFileReference; includeInIndex = 1; lastKnownFileType = text.xcconfig; name = "Pods-meaning.debug.xcconfig"; path = "Target Support Files/Pods-meaning/Pods-meaning.debug.xcconfig"; sourceTree = "<group>"; };
		E87AC0016D83A60227B184E6 /* Pods_meaning.framework */ = {isa = PBXFileReference; explicitFileType = wrapper.framework; includeInIndex = 0; path = Pods_meaning.framework; sourceTree = BUILT_PRODUCTS_DIR; };
		E9590DE5BB2516CE3A84BEAD /* Pods-meaning.release.xcconfig */ = {isa = PBXFileReference; includeInIndex = 1; lastKnownFileType = text.xcconfig; name = "Pods-meaning.release.xcconfig"; path = "Target Support Files/Pods-meaning/Pods-meaning.release.xcconfig"; sourceTree = "<group>"; };
/* End PBXFileReference section */

/* Begin PBXFrameworksBuildPhase section */
		9B2BA169259F58FF000EF4AA /* Frameworks */ = {
			isa = PBXFrameworksBuildPhase;
			buildActionMask = 2147483647;
			files = (
				6DC70DC41C332E65FC653BE0 /* Pods_meaning.framework in Frameworks */,
			);
			runOnlyForDeploymentPostprocessing = 0;
		};
/* End PBXFrameworksBuildPhase section */

/* Begin PBXGroup section */
		36D5569451A9BF112C8214CD /* Pods */ = {
			isa = PBXGroup;
			children = (
				B844C2BA9B913FD6701F17AE /* Pods-meaning.debug.xcconfig */,
				E9590DE5BB2516CE3A84BEAD /* Pods-meaning.release.xcconfig */,
			);
			path = Pods;
			sourceTree = "<group>";
		};
		9B2BA163259F58FF000EF4AA = {
			isa = PBXGroup;
			children = (
				9B2BA16E259F58FF000EF4AA /* meaning */,
				9B2BA16D259F58FF000EF4AA /* Products */,
				36D5569451A9BF112C8214CD /* Pods */,
				F3125DA1C1951212B6AAE898 /* Frameworks */,
			);
			sourceTree = "<group>";
		};
		9B2BA16D259F58FF000EF4AA /* Products */ = {
			isa = PBXGroup;
			children = (
				9B2BA16C259F58FF000EF4AA /* meaning.app */,
			);
			name = Products;
			sourceTree = "<group>";
		};
		9B2BA16E259F58FF000EF4AA /* meaning */ = {
			isa = PBXGroup;
			children = (
				9B2BA18D259F5B8C000EF4AA /* Global */,
				9B2BA18B259F5B7E000EF4AA /* Screen */,
				9B2BA18A259F5B72000EF4AA /* Support */,
			);
			path = meaning;
			sourceTree = "<group>";
		};
		9B2BA18A259F5B72000EF4AA /* Support */ = {
			isa = PBXGroup;
			children = (
				9B2BA1D6259F72D7000EF4AA /* Font */,
				9B2BA173259F58FF000EF4AA /* ViewController.swift */,
				9B2BA175259F58FF000EF4AA /* Main.storyboard */,
				9B2BA17A259F5904000EF4AA /* LaunchScreen.storyboard */,
				9B2BA16F259F58FF000EF4AA /* AppDelegate.swift */,
				9B2BA171259F58FF000EF4AA /* SceneDelegate.swift */,
				9B2BA17D259F5904000EF4AA /* Info.plist */,
				9B2BA178259F5904000EF4AA /* Assets.xcassets */,
			);
			path = Support;
			sourceTree = "<group>";
		};
		9B2BA18B259F5B7E000EF4AA /* Screen */ = {
			isa = PBXGroup;
			children = (
				9B2BA19B259F5C32000EF4AA /* TapBar */,
				9B2BA19A259F5BFA000EF4AA /* Login */,
				9B2BA199259F5BF2000EF4AA /* Onboarding */,
				9B2BA198259F5BEC000EF4AA /* Home */,
				9B2BA197259F5BD4000EF4AA /* Camera */,
				9B2BA196259F5BCD000EF4AA /* Mission */,
				9B2BA195259F5BC6000EF4AA /* MyPage */,
				9B2BA194259F5BBD000EF4AA /* GroupList */,
				9B2BA193259F5BB7000EF4AA /* GroupFeed */,
			);
			path = Screen;
			sourceTree = "<group>";
		};
		9B2BA18D259F5B8C000EF4AA /* Global */ = {
			isa = PBXGroup;
			children = (
				9B2BA192259F5BAA000EF4AA /* Extension */,
				9B2BA18F259F5B9B000EF4AA /* Model */,
				9B2BA18E259F5B93000EF4AA /* Service */,
			);
			path = Global;
			sourceTree = "<group>";
		};
		9B2BA18E259F5B93000EF4AA /* Service */ = {
			isa = PBXGroup;
			children = (
				9B2BA1E4259F74BE000EF4AA /* NetworkResult.swift */,
			);
			path = Service;
			sourceTree = "<group>";
		};
		9B2BA18F259F5B9B000EF4AA /* Model */ = {
			isa = PBXGroup;
			children = (
				9B2BA1E7259F74F7000EF4AA /* GenericResponse.swift */,
			);
			path = Model;
			sourceTree = "<group>";
		};
		9B2BA192259F5BAA000EF4AA /* Extension */ = {
			isa = PBXGroup;
			children = (
				9B2BA1CC259F5FF0000EF4AA /* String+Extension.swift */,
				9B2BA1CF259F6FCE000EF4AA /* Date+Extension.swift */,
				9B2BA1D2259F71DD000EF4AA /* UIImage+Extension.swift */,
				9B2BA1EB259F779B000EF4AA /* UIImageView+Extension.swift */,
				9B2BA1F1259F7C65000EF4AA /* UIButton+Extension.swift */,
			);
			path = Extension;
			sourceTree = "<group>";
		};
		9B2BA193259F5BB7000EF4AA /* GroupFeed */ = {
			isa = PBXGroup;
			children = (
				9B2BA1AD259F5D67000EF4AA /* Storyboard */,
				9B2BA1AC259F5D63000EF4AA /* ViewController */,
			);
			path = GroupFeed;
			sourceTree = "<group>";
		};
		9B2BA194259F5BBD000EF4AA /* GroupList */ = {
			isa = PBXGroup;
			children = (
				9B2BA1AB259F5D5E000EF4AA /* Storyboard */,
				9B2BA1AA259F5D57000EF4AA /* ViewController */,
			);
			path = GroupList;
			sourceTree = "<group>";
		};
		9B2BA195259F5BC6000EF4AA /* MyPage */ = {
			isa = PBXGroup;
			children = (
				9B2BA1A9259F5D52000EF4AA /* Storyboard */,
				9B2BA1A8259F5D4B000EF4AA /* ViewController */,
			);
			path = MyPage;
			sourceTree = "<group>";
		};
		9B2BA196259F5BCD000EF4AA /* Mission */ = {
			isa = PBXGroup;
			children = (
				9B2BA1A7259F5D47000EF4AA /* Storyboard */,
				9B2BA1A6259F5D40000EF4AA /* ViewController */,
			);
			path = Mission;
			sourceTree = "<group>";
		};
		9B2BA197259F5BD4000EF4AA /* Camera */ = {
			isa = PBXGroup;
			children = (
				9B2BA1A5259F5D37000EF4AA /* Storyboard */,
				9B2BA1A4259F5D1A000EF4AA /* ViewController */,
			);
			path = Camera;
			sourceTree = "<group>";
		};
		9B2BA198259F5BEC000EF4AA /* Home */ = {
			isa = PBXGroup;
			children = (
				9B2BA1A3259F5D16000EF4AA /* Storyboard */,
				9B2BA1A2259F5D0F000EF4AA /* ViewController */,
			);
			path = Home;
			sourceTree = "<group>";
		};
		9B2BA199259F5BF2000EF4AA /* Onboarding */ = {
			isa = PBXGroup;
			children = (
				9B2BA1A1259F5C9C000EF4AA /* Storyboard */,
				9B2BA1A0259F5C98000EF4AA /* ViewController */,
			);
			path = Onboarding;
			sourceTree = "<group>";
		};
		9B2BA19A259F5BFA000EF4AA /* Login */ = {
			isa = PBXGroup;
			children = (
				9B2BA19F259F5C91000EF4AA /* Storyboard */,
				9B2BA19E259F5C8C000EF4AA /* ViewController */,
			);
			path = Login;
			sourceTree = "<group>";
		};
		9B2BA19B259F5C32000EF4AA /* TapBar */ = {
			isa = PBXGroup;
			children = (
				9B2BA19D259F5C86000EF4AA /* Storyboard */,
				9B2BA19C259F5C81000EF4AA /* ViewController */,
			);
			path = TapBar;
			sourceTree = "<group>";
		};
		9B2BA19C259F5C81000EF4AA /* ViewController */ = {
			isa = PBXGroup;
			children = (
			);
			path = ViewController;
			sourceTree = "<group>";
		};
		9B2BA19D259F5C86000EF4AA /* Storyboard */ = {
			isa = PBXGroup;
			children = (
				9B2BA1AE259F5E93000EF4AA /* TabBar.storyboard */,
			);
			path = Storyboard;
			sourceTree = "<group>";
		};
		9B2BA19E259F5C8C000EF4AA /* ViewController */ = {
			isa = PBXGroup;
			children = (
			);
			path = ViewController;
			sourceTree = "<group>";
		};
		9B2BA19F259F5C91000EF4AA /* Storyboard */ = {
			isa = PBXGroup;
			children = (
				9B2BA1B1259F5E9D000EF4AA /* Login.storyboard */,
			);
			path = Storyboard;
			sourceTree = "<group>";
		};
		9B2BA1A0259F5C98000EF4AA /* ViewController */ = {
			isa = PBXGroup;
			children = (
			);
			path = ViewController;
			sourceTree = "<group>";
		};
		9B2BA1A1259F5C9C000EF4AA /* Storyboard */ = {
			isa = PBXGroup;
			children = (
				9B2BA1B5259F5EAB000EF4AA /* Onboarding.storyboard */,
			);
			path = Storyboard;
			sourceTree = "<group>";
		};
		9B2BA1A2259F5D0F000EF4AA /* ViewController */ = {
			isa = PBXGroup;
			children = (
			);
			path = ViewController;
			sourceTree = "<group>";
		};
		9B2BA1A3259F5D16000EF4AA /* Storyboard */ = {
			isa = PBXGroup;
			children = (
				9B2BA1B8259F5EB2000EF4AA /* Home.storyboard */,
			);
			path = Storyboard;
			sourceTree = "<group>";
		};
		9B2BA1A4259F5D1A000EF4AA /* ViewController */ = {
			isa = PBXGroup;
			children = (
			);
			path = ViewController;
			sourceTree = "<group>";
		};
		9B2BA1A5259F5D37000EF4AA /* Storyboard */ = {
			isa = PBXGroup;
			children = (
				9B2BA1BB259F5EBB000EF4AA /* Camera.storyboard */,
			);
			path = Storyboard;
			sourceTree = "<group>";
		};
		9B2BA1A6259F5D40000EF4AA /* ViewController */ = {
			isa = PBXGroup;
			children = (
			);
			path = ViewController;
			sourceTree = "<group>";
		};
		9B2BA1A7259F5D47000EF4AA /* Storyboard */ = {
			isa = PBXGroup;
			children = (
				9B2BA1BF259F5EC9000EF4AA /* Mission.storyboard */,
			);
			path = Storyboard;
			sourceTree = "<group>";
		};
		9B2BA1A8259F5D4B000EF4AA /* ViewController */ = {
			isa = PBXGroup;
			children = (
			);
			path = ViewController;
			sourceTree = "<group>";
		};
		9B2BA1A9259F5D52000EF4AA /* Storyboard */ = {
			isa = PBXGroup;
			children = (
				9B2BA1C2259F5ED2000EF4AA /* MyPage.storyboard */,
			);
			path = Storyboard;
			sourceTree = "<group>";
		};
		9B2BA1AA259F5D57000EF4AA /* ViewController */ = {
			isa = PBXGroup;
			children = (
			);
			path = ViewController;
			sourceTree = "<group>";
		};
		9B2BA1AB259F5D5E000EF4AA /* Storyboard */ = {
			isa = PBXGroup;
			children = (
				9B2BA1C6259F5EE3000EF4AA /* GroupList.storyboard */,
			);
			path = Storyboard;
			sourceTree = "<group>";
		};
		9B2BA1AC259F5D63000EF4AA /* ViewController */ = {
			isa = PBXGroup;
			children = (
			);
			path = ViewController;
			sourceTree = "<group>";
		};
		9B2BA1AD259F5D67000EF4AA /* Storyboard */ = {
			isa = PBXGroup;
			children = (
				9B2BA1C9259F5EED000EF4AA /* GroupFeed.storyboard */,
			);
			path = Storyboard;
			sourceTree = "<group>";
		};
		9B2BA1D6259F72D7000EF4AA /* Font */ = {
			isa = PBXGroup;
			children = (
				9B2BA210259FA8C2000EF4AA /* NotoSansKR-Bold.otf */,
				9B2BA20D259FA8BD000EF4AA /* NotoSansKR-Light.otf */,
				9B2BA211259FA8C4000EF4AA /* NotoSansKR-Medium.otf */,
				9B2BA20E259FA8BF000EF4AA /* NotoSansKR-Regular.otf */,
				9B2BA20F259FA8C0000EF4AA /* NotoSansKR-Thin.otf */,
				9B2BA1DA259F72FE000EF4AA /* NanumBarunpenR.otf */,
				9B2BA1D7259F72F9000EF4AA /* Spoqa Han Sans Neo Bold.otf */,
				9B2BA1D8259F72FA000EF4AA /* Spoqa Han Sans Neo Light.otf */,
				9B2BA1D9259F72FD000EF4AA /* Spoqa Han Sans Neo Medium.otf */,
				9B2BA1DB259F7301000EF4AA /* Spoqa Han Sans Neo Regular.otf */,
				9B2BA1DC259F7302000EF4AA /* Spoqa Han Sans Neo Thin.otf */,
			);
			path = Font;
			sourceTree = "<group>";
		};
		F3125DA1C1951212B6AAE898 /* Frameworks */ = {
			isa = PBXGroup;
			children = (
				E87AC0016D83A60227B184E6 /* Pods_meaning.framework */,
			);
			name = Frameworks;
			sourceTree = "<group>";
		};
/* End PBXGroup section */

/* Begin PBXNativeTarget section */
		9B2BA16B259F58FF000EF4AA /* meaning */ = {
			isa = PBXNativeTarget;
			buildConfigurationList = 9B2BA180259F5904000EF4AA /* Build configuration list for PBXNativeTarget "meaning" */;
			buildPhases = (
				B817005FDE5F9658296B7902 /* [CP] Check Pods Manifest.lock */,
				9B2BA168259F58FF000EF4AA /* Sources */,
				9B2BA169259F58FF000EF4AA /* Frameworks */,
				9B2BA16A259F58FF000EF4AA /* Resources */,
				ABFEFA71F3C8931C0E2B11C0 /* [CP] Embed Pods Frameworks */,
			);
			buildRules = (
			);
			dependencies = (
			);
			name = meaning;
			productName = meaning;
			productReference = 9B2BA16C259F58FF000EF4AA /* meaning.app */;
			productType = "com.apple.product-type.application";
		};
/* End PBXNativeTarget section */

/* Begin PBXProject section */
		9B2BA164259F58FF000EF4AA /* Project object */ = {
			isa = PBXProject;
			attributes = {
				LastSwiftUpdateCheck = 1220;
				LastUpgradeCheck = 1220;
				TargetAttributes = {
					9B2BA16B259F58FF000EF4AA = {
						CreatedOnToolsVersion = 12.2;
					};
				};
			};
			buildConfigurationList = 9B2BA167259F58FF000EF4AA /* Build configuration list for PBXProject "meaning" */;
			compatibilityVersion = "Xcode 9.3";
			developmentRegion = en;
			hasScannedForEncodings = 0;
			knownRegions = (
				en,
				Base,
			);
			mainGroup = 9B2BA163259F58FF000EF4AA;
			productRefGroup = 9B2BA16D259F58FF000EF4AA /* Products */;
			projectDirPath = "";
			projectRoot = "";
			targets = (
				9B2BA16B259F58FF000EF4AA /* meaning */,
			);
		};
/* End PBXProject section */

/* Begin PBXResourcesBuildPhase section */
		9B2BA16A259F58FF000EF4AA /* Resources */ = {
			isa = PBXResourcesBuildPhase;
			buildActionMask = 2147483647;
			files = (
				9B2BA215259FA8C5000EF4AA /* NotoSansKR-Bold.otf in Resources */,
				9B2BA1CA259F5EED000EF4AA /* GroupFeed.storyboard in Resources */,
				9B2BA1DE259F7302000EF4AA /* Spoqa Han Sans Neo Light.otf in Resources */,
				9B2BA1B9259F5EB2000EF4AA /* Home.storyboard in Resources */,
				9B2BA1DF259F7302000EF4AA /* Spoqa Han Sans Neo Medium.otf in Resources */,
				9B2BA1C3259F5ED2000EF4AA /* MyPage.storyboard in Resources */,
				9B2BA1E0259F7302000EF4AA /* NanumBarunpenR.otf in Resources */,
				9B2BA1BC259F5EBB000EF4AA /* Camera.storyboard in Resources */,
				9B2BA216259FA8C5000EF4AA /* NotoSansKR-Medium.otf in Resources */,
				9B2BA1C0259F5EC9000EF4AA /* Mission.storyboard in Resources */,
				9B2BA1AF259F5E93000EF4AA /* TabBar.storyboard in Resources */,
				9B2BA1DD259F7302000EF4AA /* Spoqa Han Sans Neo Bold.otf in Resources */,
				9B2BA17C259F5904000EF4AA /* LaunchScreen.storyboard in Resources */,
				9B2BA1E2259F7302000EF4AA /* Spoqa Han Sans Neo Thin.otf in Resources */,
				9B2BA179259F5904000EF4AA /* Assets.xcassets in Resources */,
				9B2BA1C7259F5EE3000EF4AA /* GroupList.storyboard in Resources */,
				9B2BA213259FA8C5000EF4AA /* NotoSansKR-Regular.otf in Resources */,
				9B2BA214259FA8C5000EF4AA /* NotoSansKR-Thin.otf in Resources */,
				9B2BA1B6259F5EAB000EF4AA /* Onboarding.storyboard in Resources */,
				9B2BA1B2259F5E9D000EF4AA /* Login.storyboard in Resources */,
				9B2BA1E1259F7302000EF4AA /* Spoqa Han Sans Neo Regular.otf in Resources */,
				9B2BA177259F58FF000EF4AA /* Main.storyboard in Resources */,
				9B2BA212259FA8C5000EF4AA /* NotoSansKR-Light.otf in Resources */,
			);
			runOnlyForDeploymentPostprocessing = 0;
		};
/* End PBXResourcesBuildPhase section */

/* Begin PBXShellScriptBuildPhase section */
		ABFEFA71F3C8931C0E2B11C0 /* [CP] Embed Pods Frameworks */ = {
			isa = PBXShellScriptBuildPhase;
			buildActionMask = 2147483647;
			files = (
			);
			inputFileListPaths = (
				"${PODS_ROOT}/Target Support Files/Pods-meaning/Pods-meaning-frameworks-${CONFIGURATION}-input-files.xcfilelist",
			);
			name = "[CP] Embed Pods Frameworks";
			outputFileListPaths = (
				"${PODS_ROOT}/Target Support Files/Pods-meaning/Pods-meaning-frameworks-${CONFIGURATION}-output-files.xcfilelist",
			);
			runOnlyForDeploymentPostprocessing = 0;
			shellPath = /bin/sh;
			shellScript = "\"${PODS_ROOT}/Target Support Files/Pods-meaning/Pods-meaning-frameworks.sh\"\n";
			showEnvVarsInLog = 0;
		};
		B817005FDE5F9658296B7902 /* [CP] Check Pods Manifest.lock */ = {
			isa = PBXShellScriptBuildPhase;
			buildActionMask = 2147483647;
			files = (
			);
			inputFileListPaths = (
			);
			inputPaths = (
				"${PODS_PODFILE_DIR_PATH}/Podfile.lock",
				"${PODS_ROOT}/Manifest.lock",
			);
			name = "[CP] Check Pods Manifest.lock";
			outputFileListPaths = (
			);
			outputPaths = (
				"$(DERIVED_FILE_DIR)/Pods-meaning-checkManifestLockResult.txt",
			);
			runOnlyForDeploymentPostprocessing = 0;
			shellPath = /bin/sh;
			shellScript = "diff \"${PODS_PODFILE_DIR_PATH}/Podfile.lock\" \"${PODS_ROOT}/Manifest.lock\" > /dev/null\nif [ $? != 0 ] ; then\n    # print error to STDERR\n    echo \"error: The sandbox is not in sync with the Podfile.lock. Run 'pod install' or update your CocoaPods installation.\" >&2\n    exit 1\nfi\n# This output is used by Xcode 'outputs' to avoid re-running this script phase.\necho \"SUCCESS\" > \"${SCRIPT_OUTPUT_FILE_0}\"\n";
			showEnvVarsInLog = 0;
		};
/* End PBXShellScriptBuildPhase section */

/* Begin PBXSourcesBuildPhase section */
		9B2BA168259F58FF000EF4AA /* Sources */ = {
			isa = PBXSourcesBuildPhase;
			buildActionMask = 2147483647;
			files = (
				9B2BA1D0259F6FCE000EF4AA /* Date+Extension.swift in Sources */,
				9B2BA1CD259F5FF0000EF4AA /* String+Extension.swift in Sources */,
				9B2BA174259F58FF000EF4AA /* ViewController.swift in Sources */,
				9B2BA1F2259F7C65000EF4AA /* UIButton+Extension.swift in Sources */,
				9B2BA1EC259F779B000EF4AA /* UIImageView+Extension.swift in Sources */,
				9B2BA170259F58FF000EF4AA /* AppDelegate.swift in Sources */,
				9B2BA1E8259F74F7000EF4AA /* GenericResponse.swift in Sources */,
				9B2BA172259F58FF000EF4AA /* SceneDelegate.swift in Sources */,
				9B2BA1D3259F71DD000EF4AA /* UIImage+Extension.swift in Sources */,
				9B2BA1E5259F74BE000EF4AA /* NetworkResult.swift in Sources */,
			);
			runOnlyForDeploymentPostprocessing = 0;
		};
/* End PBXSourcesBuildPhase section */

/* Begin PBXVariantGroup section */
		9B2BA175259F58FF000EF4AA /* Main.storyboard */ = {
			isa = PBXVariantGroup;
			children = (
				9B2BA176259F58FF000EF4AA /* Base */,
			);
			name = Main.storyboard;
			sourceTree = "<group>";
		};
		9B2BA17A259F5904000EF4AA /* LaunchScreen.storyboard */ = {
			isa = PBXVariantGroup;
			children = (
				9B2BA17B259F5904000EF4AA /* Base */,
			);
			name = LaunchScreen.storyboard;
			sourceTree = "<group>";
		};
/* End PBXVariantGroup section */

/* Begin XCBuildConfiguration section */
		9B2BA17E259F5904000EF4AA /* Debug */ = {
			isa = XCBuildConfiguration;
			buildSettings = {
				ALWAYS_SEARCH_USER_PATHS = NO;
				CLANG_ANALYZER_NONNULL = YES;
				CLANG_ANALYZER_NUMBER_OBJECT_CONVERSION = YES_AGGRESSIVE;
				CLANG_CXX_LANGUAGE_STANDARD = "gnu++14";
				CLANG_CXX_LIBRARY = "libc++";
				CLANG_ENABLE_MODULES = YES;
				CLANG_ENABLE_OBJC_ARC = YES;
				CLANG_ENABLE_OBJC_WEAK = YES;
				CLANG_WARN_BLOCK_CAPTURE_AUTORELEASING = YES;
				CLANG_WARN_BOOL_CONVERSION = YES;
				CLANG_WARN_COMMA = YES;
				CLANG_WARN_CONSTANT_CONVERSION = YES;
				CLANG_WARN_DEPRECATED_OBJC_IMPLEMENTATIONS = YES;
				CLANG_WARN_DIRECT_OBJC_ISA_USAGE = YES_ERROR;
				CLANG_WARN_DOCUMENTATION_COMMENTS = YES;
				CLANG_WARN_EMPTY_BODY = YES;
				CLANG_WARN_ENUM_CONVERSION = YES;
				CLANG_WARN_INFINITE_RECURSION = YES;
				CLANG_WARN_INT_CONVERSION = YES;
				CLANG_WARN_NON_LITERAL_NULL_CONVERSION = YES;
				CLANG_WARN_OBJC_IMPLICIT_RETAIN_SELF = YES;
				CLANG_WARN_OBJC_LITERAL_CONVERSION = YES;
				CLANG_WARN_OBJC_ROOT_CLASS = YES_ERROR;
				CLANG_WARN_QUOTED_INCLUDE_IN_FRAMEWORK_HEADER = YES;
				CLANG_WARN_RANGE_LOOP_ANALYSIS = YES;
				CLANG_WARN_STRICT_PROTOTYPES = YES;
				CLANG_WARN_SUSPICIOUS_MOVE = YES;
				CLANG_WARN_UNGUARDED_AVAILABILITY = YES_AGGRESSIVE;
				CLANG_WARN_UNREACHABLE_CODE = YES;
				CLANG_WARN__DUPLICATE_METHOD_MATCH = YES;
				COPY_PHASE_STRIP = NO;
				DEBUG_INFORMATION_FORMAT = dwarf;
				ENABLE_STRICT_OBJC_MSGSEND = YES;
				ENABLE_TESTABILITY = YES;
				GCC_C_LANGUAGE_STANDARD = gnu11;
				GCC_DYNAMIC_NO_PIC = NO;
				GCC_NO_COMMON_BLOCKS = YES;
				GCC_OPTIMIZATION_LEVEL = 0;
				GCC_PREPROCESSOR_DEFINITIONS = (
					"DEBUG=1",
					"$(inherited)",
				);
				GCC_WARN_64_TO_32_BIT_CONVERSION = YES;
				GCC_WARN_ABOUT_RETURN_TYPE = YES_ERROR;
				GCC_WARN_UNDECLARED_SELECTOR = YES;
				GCC_WARN_UNINITIALIZED_AUTOS = YES_AGGRESSIVE;
				GCC_WARN_UNUSED_FUNCTION = YES;
				GCC_WARN_UNUSED_VARIABLE = YES;
				IPHONEOS_DEPLOYMENT_TARGET = 13.0;
				MTL_ENABLE_DEBUG_INFO = INCLUDE_SOURCE;
				MTL_FAST_MATH = YES;
				ONLY_ACTIVE_ARCH = YES;
				SDKROOT = iphoneos;
				SWIFT_ACTIVE_COMPILATION_CONDITIONS = DEBUG;
				SWIFT_OPTIMIZATION_LEVEL = "-Onone";
			};
			name = Debug;
		};
		9B2BA17F259F5904000EF4AA /* Release */ = {
			isa = XCBuildConfiguration;
			buildSettings = {
				ALWAYS_SEARCH_USER_PATHS = NO;
				CLANG_ANALYZER_NONNULL = YES;
				CLANG_ANALYZER_NUMBER_OBJECT_CONVERSION = YES_AGGRESSIVE;
				CLANG_CXX_LANGUAGE_STANDARD = "gnu++14";
				CLANG_CXX_LIBRARY = "libc++";
				CLANG_ENABLE_MODULES = YES;
				CLANG_ENABLE_OBJC_ARC = YES;
				CLANG_ENABLE_OBJC_WEAK = YES;
				CLANG_WARN_BLOCK_CAPTURE_AUTORELEASING = YES;
				CLANG_WARN_BOOL_CONVERSION = YES;
				CLANG_WARN_COMMA = YES;
				CLANG_WARN_CONSTANT_CONVERSION = YES;
				CLANG_WARN_DEPRECATED_OBJC_IMPLEMENTATIONS = YES;
				CLANG_WARN_DIRECT_OBJC_ISA_USAGE = YES_ERROR;
				CLANG_WARN_DOCUMENTATION_COMMENTS = YES;
				CLANG_WARN_EMPTY_BODY = YES;
				CLANG_WARN_ENUM_CONVERSION = YES;
				CLANG_WARN_INFINITE_RECURSION = YES;
				CLANG_WARN_INT_CONVERSION = YES;
				CLANG_WARN_NON_LITERAL_NULL_CONVERSION = YES;
				CLANG_WARN_OBJC_IMPLICIT_RETAIN_SELF = YES;
				CLANG_WARN_OBJC_LITERAL_CONVERSION = YES;
				CLANG_WARN_OBJC_ROOT_CLASS = YES_ERROR;
				CLANG_WARN_QUOTED_INCLUDE_IN_FRAMEWORK_HEADER = YES;
				CLANG_WARN_RANGE_LOOP_ANALYSIS = YES;
				CLANG_WARN_STRICT_PROTOTYPES = YES;
				CLANG_WARN_SUSPICIOUS_MOVE = YES;
				CLANG_WARN_UNGUARDED_AVAILABILITY = YES_AGGRESSIVE;
				CLANG_WARN_UNREACHABLE_CODE = YES;
				CLANG_WARN__DUPLICATE_METHOD_MATCH = YES;
				COPY_PHASE_STRIP = NO;
				DEBUG_INFORMATION_FORMAT = "dwarf-with-dsym";
				ENABLE_NS_ASSERTIONS = NO;
				ENABLE_STRICT_OBJC_MSGSEND = YES;
				GCC_C_LANGUAGE_STANDARD = gnu11;
				GCC_NO_COMMON_BLOCKS = YES;
				GCC_WARN_64_TO_32_BIT_CONVERSION = YES;
				GCC_WARN_ABOUT_RETURN_TYPE = YES_ERROR;
				GCC_WARN_UNDECLARED_SELECTOR = YES;
				GCC_WARN_UNINITIALIZED_AUTOS = YES_AGGRESSIVE;
				GCC_WARN_UNUSED_FUNCTION = YES;
				GCC_WARN_UNUSED_VARIABLE = YES;
				IPHONEOS_DEPLOYMENT_TARGET = 13.0;
				MTL_ENABLE_DEBUG_INFO = NO;
				MTL_FAST_MATH = YES;
				SDKROOT = iphoneos;
				SWIFT_COMPILATION_MODE = wholemodule;
				SWIFT_OPTIMIZATION_LEVEL = "-O";
				VALIDATE_PRODUCT = YES;
			};
			name = Release;
		};
		9B2BA181259F5904000EF4AA /* Debug */ = {
			isa = XCBuildConfiguration;
			baseConfigurationReference = B844C2BA9B913FD6701F17AE /* Pods-meaning.debug.xcconfig */;
			buildSettings = {
				ASSETCATALOG_COMPILER_APPICON_NAME = AppIcon;
				ASSETCATALOG_COMPILER_GLOBAL_ACCENT_COLOR_NAME = AccentColor;
				CODE_SIGN_STYLE = Automatic;
				DEVELOPMENT_TEAM = DUQE66MABG;
				INFOPLIST_FILE = meaning/Support/Info.plist;
				LD_RUNPATH_SEARCH_PATHS = (
					"$(inherited)",
					"@executable_path/Frameworks",
				);
				PRODUCT_BUNDLE_IDENTIFIER = "com.miracle-morning.meaning";
				PRODUCT_NAME = "$(TARGET_NAME)";
				SWIFT_VERSION = 5.0;
				TARGETED_DEVICE_FAMILY = 1;
			};
			name = Debug;
		};
		9B2BA182259F5904000EF4AA /* Release */ = {
			isa = XCBuildConfiguration;
			baseConfigurationReference = E9590DE5BB2516CE3A84BEAD /* Pods-meaning.release.xcconfig */;
			buildSettings = {
				ASSETCATALOG_COMPILER_APPICON_NAME = AppIcon;
				ASSETCATALOG_COMPILER_GLOBAL_ACCENT_COLOR_NAME = AccentColor;
				CODE_SIGN_STYLE = Automatic;
				DEVELOPMENT_TEAM = DUQE66MABG;
				INFOPLIST_FILE = meaning/Support/Info.plist;
				LD_RUNPATH_SEARCH_PATHS = (
					"$(inherited)",
					"@executable_path/Frameworks",
				);
				PRODUCT_BUNDLE_IDENTIFIER = "com.miracle-morning.meaning";
				PRODUCT_NAME = "$(TARGET_NAME)";
				SWIFT_VERSION = 5.0;
				TARGETED_DEVICE_FAMILY = 1;
			};
			name = Release;
		};
/* End XCBuildConfiguration section */

/* Begin XCConfigurationList section */
		9B2BA167259F58FF000EF4AA /* Build configuration list for PBXProject "meaning" */ = {
			isa = XCConfigurationList;
			buildConfigurations = (
				9B2BA17E259F5904000EF4AA /* Debug */,
				9B2BA17F259F5904000EF4AA /* Release */,
			);
			defaultConfigurationIsVisible = 0;
			defaultConfigurationName = Release;
		};
		9B2BA180259F5904000EF4AA /* Build configuration list for PBXNativeTarget "meaning" */ = {
			isa = XCConfigurationList;
			buildConfigurations = (
				9B2BA181259F5904000EF4AA /* Debug */,
				9B2BA182259F5904000EF4AA /* Release */,
			);
			defaultConfigurationIsVisible = 0;
			defaultConfigurationName = Release;
		};
/* End XCConfigurationList section */
	};
	rootObject = 9B2BA164259F58FF000EF4AA /* Project object */;
}
